
Microsoft Visual Studio Solution File, Format Version 12.00
# Visual Studio Version 16
VisualStudioVersion = 16.0.29709.97
MinimumVisualStudioVersion = 10.0.40219.1
Project("{9A19103F-16F7-4668-BE54-9A1E7A4F7556}") = "ArbolMulticamino", "ArbolMulticamino.csproj", "{D208E680-BBCA-4AAD-876A-00D45DAF2467}"
EndProject
Project("{9A19103F-16F7-4668-BE54-9A1E7A4F7556}") = "ConsolaDePrueba", "..\ConsolaDePrueba\ConsolaDePrueba.csproj", "{01FC25D6-964E-4BCC-AC29-5BB83A913ABD}"
EndProject
Project("{FAE04EC0-301F-11D3-BF4B-00C04F79EFBC}") = "ApiMovies", "..\ApiMovies\ApiMovies.csproj", "{C74BA6D9-9197-44A4-9B79-73EE24CBF9DD}"
EndProject
Global
	GlobalSection(SolutionConfigurationPlatforms) = preSolution
		Debug|Any CPU = Debug|Any CPU
		Release|Any CPU = Release|Any CPU
	EndGlobalSection
	GlobalSection(ProjectConfigurationPlatforms) = postSolution
		{D208E680-BBCA-4AAD-876A-00D45DAF2467}.Debug|Any CPU.ActiveCfg = Debug|Any CPU
		{D208E680-BBCA-4AAD-876A-00D45DAF2467}.Debug|Any CPU.Build.0 = Debug|Any CPU
		{D208E680-BBCA-4AAD-876A-00D45DAF2467}.Release|Any CPU.ActiveCfg = Release|Any CPU
		{D208E680-BBCA-4AAD-876A-00D45DAF2467}.Release|Any CPU.Build.0 = Release|Any CPU
		{01FC25D6-964E-4BCC-AC29-5BB83A913ABD}.Debug|Any CPU.ActiveCfg = Debug|Any CPU
		{01FC25D6-964E-4BCC-AC29-5BB83A913ABD}.Debug|Any CPU.Build.0 = Debug|Any CPU
		{01FC25D6-964E-4BCC-AC29-5BB83A913ABD}.Release|Any CPU.ActiveCfg = Release|Any CPU
		{01FC25D6-964E-4BCC-AC29-5BB83A913ABD}.Release|Any CPU.Build.0 = Release|Any CPU
		{C74BA6D9-9197-44A4-9B79-73EE24CBF9DD}.Debug|Any CPU.ActiveCfg = Debug|Any CPU
		{C74BA6D9-9197-44A4-9B79-73EE24CBF9DD}.Debug|Any CPU.Build.0 = Debug|Any CPU
		{C74BA6D9-9197-44A4-9B79-73EE24CBF9DD}.Release|Any CPU.ActiveCfg = Release|Any CPU
		{C74BA6D9-9197-44A4-9B79-73EE24CBF9DD}.Release|Any CPU.Build.0 = Release|Any CPU
	EndGlobalSection
	GlobalSection(SolutionProperties) = preSolution
		HideSolutionNode = FALSE
	EndGlobalSection
	GlobalSection(ExtensibilityGlobals) = postSolution
		SolutionGuid = {6E61949E-4F6E-4E75-931C-EF0001B3B91F}
	EndGlobalSection
EndGlobal
